Microsoft Visual Studio Solution File, Format Version 12.00
# Visual Studio Version 16
VisualStudioVersion = 16.0.29215.179
MinimumVisualStudioVersion = 10.0.40219.1
Project("{9A19103F-16F7-4668-BE54-9A1E7A4F7556}") = "Algorithms", "src\Algorithms\Algorithms.csproj", "{70C0A948-932C-40B5-9059-6321439C155A}"
EndProject
Project("{9A19103F-16F7-4668-BE54-9A1E7A4F7556}") = "AlgorithmsTest", "test\AlgorithmsTest\AlgorithmsTest.csproj", "{A2595BE9-DECD-483A-A2E9-98B8955555E9}"
EndProject
Project("{2150E333-8FDC-42A3-9474-1A3956D46DE8}") = "Solution Items", "Solution Items", "{807D389E-CFA4-45E3-9EEA-CA79D36F646E}"
	ProjectSection(SolutionItems) = preProject
		BenchMarkResults_For_ArraysAndStrings.md = BenchMarkResults_For_ArraysAndStrings.md
		BenchMarkResults_For_HashTables.md = BenchMarkResults_For_HashTables.md
		BenchMarkResults_For_LinkedLists.md = BenchMarkResults_For_LinkedLists.md
		BenchMarkResults_For_Stacks.md = BenchMarkResults_For_Stacks.md
		README.md = README.md
	EndProjectSection
EndProject
Global
	GlobalSection(SolutionConfigurationPlatforms) = preSolution
		Debug|Any CPU = Debug|Any CPU
		Release|Any CPU = Release|Any CPU
	EndGlobalSection
	GlobalSection(ProjectConfigurationPlatforms) = postSolution
		{70C0A948-932C-40B5-9059-6321439C155A}.Debug|Any CPU.ActiveCfg = Debug|Any CPU
		{70C0A948-932C-40B5-9059-6321439C155A}.Debug|Any CPU.Build.0 = Debug|Any CPU
		{70C0A948-932C-40B5-9059-6321439C155A}.Release|Any CPU.ActiveCfg = Release|Any CPU
		{70C0A948-932C-40B5-9059-6321439C155A}.Release|Any CPU.Build.0 = Release|Any CPU
		{A2595BE9-DECD-483A-A2E9-98B8955555E9}.Debug|Any CPU.ActiveCfg = Debug|Any CPU
		{A2595BE9-DECD-483A-A2E9-98B8955555E9}.Debug|Any CPU.Build.0 = Debug|Any CPU
		{A2595BE9-DECD-483A-A2E9-98B8955555E9}.Release|Any CPU.ActiveCfg = Release|Any CPU
		{A2595BE9-DECD-483A-A2E9-98B8955555E9}.Release|Any CPU.Build.0 = Release|Any CPU
	EndGlobalSection
	GlobalSection(SolutionProperties) = preSolution
		HideSolutionNode = FALSE
	EndGlobalSection
	GlobalSection(ExtensibilityGlobals) = postSolution
		SolutionGuid = {999967D7-E6B2-44B1-A046-9205C10CF427}
	EndGlobalSection
EndGlobal
